
Microsoft Visual Studio Solution File, Format Version 12.00
# Visual Studio Version 17
VisualStudioVersion = 17.9.34728.123
MinimumVisualStudioVersion = 10.0.40219.1
Project("{FAE04EC0-301F-11D3-BF4B-00C04F79EFBC}") = "crud-curotec", "crud-curotec.csproj", "{4436D6C3-CDD9-461C-8556-0212B89FE0E2}"
EndProject
Global
	GlobalSection(SolutionConfigurationPlatforms) = preSolution
		Debug|Any CPU = Debug|Any CPU
		Release|Any CPU = Release|Any CPU
	EndGlobalSection
	GlobalSection(ProjectConfigurationPlatforms) = postSolution
		{4436D6C3-CDD9-461C-8556-0212B89FE0E2}.Debug|Any CPU.ActiveCfg = Debug|Any CPU
		{4436D6C3-CDD9-461C-8556-0212B89FE0E2}.Debug|Any CPU.Build.0 = Debug|Any CPU
		{4436D6C3-CDD9-461C-8556-0212B89FE0E2}.Release|Any CPU.ActiveCfg = Release|Any CPU
		{4436D6C3-CDD9-461C-8556-0212B89FE0E2}.Release|Any CPU.Build.0 = Release|Any CPU
	EndGlobalSection
	GlobalSection(SolutionProperties) = preSolution
		HideSolutionNode = FALSE
	EndGlobalSection
	GlobalSection(ExtensibilityGlobals) = postSolution
		SolutionGuid = {F22DEB3D-A081-4558-AF07-8A4F71B89EED}
	EndGlobalSection
EndGlobal
